
Microsoft Visual Studio Solution File, Format Version 12.00
Project("{FAE04EC0-301F-11D3-BF4B-00C04F79EFBC}") = "StateMachine", "StateMachine\StateMachine.csproj", "{564663A7-F034-42E8-AD38-4A87CFE95AC9}"
EndProject
Global
	GlobalSection(SolutionConfigurationPlatforms) = preSolution
		Debug|Any CPU = Debug|Any CPU
		Release|Any CPU = Release|Any CPU
	EndGlobalSection
	GlobalSection(ProjectConfigurationPlatforms) = postSolution
		{564663A7-F034-42E8-AD38-4A87CFE95AC9}.Debug|Any CPU.ActiveCfg = Debug|Any CPU
		{564663A7-F034-42E8-AD38-4A87CFE95AC9}.Debug|Any CPU.Build.0 = Debug|Any CPU
		{564663A7-F034-42E8-AD38-4A87CFE95AC9}.Release|Any CPU.ActiveCfg = Release|Any CPU
		{564663A7-F034-42E8-AD38-4A87CFE95AC9}.Release|Any CPU.Build.0 = Release|Any CPU
	EndGlobalSection
EndGlobal
